
Microsoft Visual Studio Solution File, Format Version 12.00
# Visual Studio Version 17
VisualStudioVersion = 17.5.33424.131
MinimumVisualStudioVersion = 10.0.40219.1
Project("{2150E333-8FDC-42A3-9474-1A3956D46DE8}") = "Services", "Services", "{18359144-ACE2-4663-BAF0-8E6E2CFE2517}"
EndProject
Project("{FAE04EC0-301F-11D3-BF4B-00C04F79EFBC}") = "Catalog.API", "Services\Catalog.API\Catalog.API.csproj", "{6659B821-763E-4033-B455-D8EADC8F38DA}"
EndProject
Global
	GlobalSection(SolutionConfigurationPlatforms) = preSolution
		Debug|Any CPU = Debug|Any CPU
		Release|Any CPU = Release|Any CPU
	EndGlobalSection
	GlobalSection(ProjectConfigurationPlatforms) = postSolution
		{6659B821-763E-4033-B455-D8EADC8F38DA}.Debug|Any CPU.ActiveCfg = Debug|Any CPU
		{6659B821-763E-4033-B455-D8EADC8F38DA}.Debug|Any CPU.Build.0 = Debug|Any CPU
		{6659B821-763E-4033-B455-D8EADC8F38DA}.Release|Any CPU.ActiveCfg = Release|Any CPU
		{6659B821-763E-4033-B455-D8EADC8F38DA}.Release|Any CPU.Build.0 = Release|Any CPU
	EndGlobalSection
	GlobalSection(SolutionProperties) = preSolution
		HideSolutionNode = FALSE
	EndGlobalSection
	GlobalSection(NestedProjects) = preSolution
		{6659B821-763E-4033-B455-D8EADC8F38DA} = {18359144-ACE2-4663-BAF0-8E6E2CFE2517}
	EndGlobalSection
	GlobalSection(ExtensibilityGlobals) = postSolution
		SolutionGuid = {552CD2E7-1722-4F72-9A35-9194553B0302}
	EndGlobalSection
EndGlobal
